
Microsoft Visual Studio Solution File, Format Version 12.00
# Visual Studio 15
VisualStudioVersion = 15.0.27428.2011
MinimumVisualStudioVersion = 10.0.40219.1
Project("{FAE04EC0-301F-11D3-BF4B-00C04F79EFBC}") = "FlatFile.UnitTests", "FlatFile.UnitTests\FlatFile.UnitTests.csproj", "{98AB2A5F-EB93-4BC3-8043-08D16F2718CC}"
EndProject
Project("{FAE04EC0-301F-11D3-BF4B-00C04F79EFBC}") = "FlatFile.Core", "FlatFile.Core\FlatFile.Core.csproj", "{274FC0CC-36E5-44A1-961F-FE33BD2BCFD7}"
EndProject
Project("{FAE04EC0-301F-11D3-BF4B-00C04F79EFBC}") = "FlatFile.FixedWidth", "FlatFile.FixedWidth\FlatFile.FixedWidth.csproj", "{1AD763C3-72C6-46A7-BF53-888CC43B7EF6}"
EndProject
Global
	GlobalSection(SolutionConfigurationPlatforms) = preSolution
		Debug|Any CPU = Debug|Any CPU
		Release|Any CPU = Release|Any CPU
	EndGlobalSection
	GlobalSection(ProjectConfigurationPlatforms) = postSolution
		{98AB2A5F-EB93-4BC3-8043-08D16F2718CC}.Debug|Any CPU.ActiveCfg = Debug|Any CPU
		{98AB2A5F-EB93-4BC3-8043-08D16F2718CC}.Debug|Any CPU.Build.0 = Debug|Any CPU
		{98AB2A5F-EB93-4BC3-8043-08D16F2718CC}.Release|Any CPU.ActiveCfg = Release|Any CPU
		{98AB2A5F-EB93-4BC3-8043-08D16F2718CC}.Release|Any CPU.Build.0 = Release|Any CPU
		{274FC0CC-36E5-44A1-961F-FE33BD2BCFD7}.Debug|Any CPU.ActiveCfg = Debug|Any CPU
		{274FC0CC-36E5-44A1-961F-FE33BD2BCFD7}.Debug|Any CPU.Build.0 = Debug|Any CPU
		{274FC0CC-36E5-44A1-961F-FE33BD2BCFD7}.Release|Any CPU.ActiveCfg = Release|Any CPU
		{274FC0CC-36E5-44A1-961F-FE33BD2BCFD7}.Release|Any CPU.Build.0 = Release|Any CPU
		{1AD763C3-72C6-46A7-BF53-888CC43B7EF6}.Debug|Any CPU.ActiveCfg = Debug|Any CPU
		{1AD763C3-72C6-46A7-BF53-888CC43B7EF6}.Debug|Any CPU.Build.0 = Debug|Any CPU
		{1AD763C3-72C6-46A7-BF53-888CC43B7EF6}.Release|Any CPU.ActiveCfg = Release|Any CPU
		{1AD763C3-72C6-46A7-BF53-888CC43B7EF6}.Release|Any CPU.Build.0 = Release|Any CPU
	EndGlobalSection
	GlobalSection(SolutionProperties) = preSolution
		HideSolutionNode = FALSE
	EndGlobalSection
	GlobalSection(ExtensibilityGlobals) = postSolution
		SolutionGuid = {9BDFF237-6773-428D-8407-2D67D6E52C0B}
	EndGlobalSection
EndGlobal
